
Microsoft Visual Studio Solution File, Format Version 12.00
# Visual Studio Version 17
VisualStudioVersion = 17.7.34202.233
MinimumVisualStudioVersion = 10.0.40219.1
Project("{FAE04EC0-301F-11D3-BF4B-00C04F79EFBC}") = "Packman", "Packman\Packman.csproj", "{78795370-D67B-4513-B1D1-72C8B117D9FC}"
EndProject
Global
	GlobalSection(SolutionConfigurationPlatforms) = preSolution
		Debug|Any CPU = Debug|Any CPU
		Release|Any CPU = Release|Any CPU
	EndGlobalSection
	GlobalSection(ProjectConfigurationPlatforms) = postSolution
		{78795370-D67B-4513-B1D1-72C8B117D9FC}.Debug|Any CPU.ActiveCfg = Debug|Any CPU
		{78795370-D67B-4513-B1D1-72C8B117D9FC}.Debug|Any CPU.Build.0 = Debug|Any CPU
		{78795370-D67B-4513-B1D1-72C8B117D9FC}.Release|Any CPU.ActiveCfg = Release|Any CPU
		{78795370-D67B-4513-B1D1-72C8B117D9FC}.Release|Any CPU.Build.0 = Release|Any CPU
	EndGlobalSection
	GlobalSection(SolutionProperties) = preSolution
		HideSolutionNode = FALSE
	EndGlobalSection
	GlobalSection(ExtensibilityGlobals) = postSolution
		SolutionGuid = {B29D7BB4-FB93-40F4-A2A9-49D7395C27C4}
	EndGlobalSection
EndGlobal
